
Microsoft Visual Studio Solution File, Format Version 12.00
# Visual Studio Version 17
VisualStudioVersion = 17.5.002.0
MinimumVisualStudioVersion = 10.0.40219.1
Project("{9A19103F-16F7-4668-BE54-9A1E7A4F7556}") = "SilliconValley", "SilliconValley.csproj", "{C35EFF95-67DD-4FB7-AFB1-E75502DFF280}"
EndProject
Global
	GlobalSection(SolutionConfigurationPlatforms) = preSolution
		Debug|Any CPU = Debug|Any CPU
		Release|Any CPU = Release|Any CPU
	EndGlobalSection
	GlobalSection(ProjectConfigurationPlatforms) = postSolution
		{C35EFF95-67DD-4FB7-AFB1-E75502DFF280}.Debug|Any CPU.ActiveCfg = Debug|Any CPU
		{C35EFF95-67DD-4FB7-AFB1-E75502DFF280}.Debug|Any CPU.Build.0 = Debug|Any CPU
		{C35EFF95-67DD-4FB7-AFB1-E75502DFF280}.Release|Any CPU.ActiveCfg = Release|Any CPU
		{C35EFF95-67DD-4FB7-AFB1-E75502DFF280}.Release|Any CPU.Build.0 = Release|Any CPU
	EndGlobalSection
	GlobalSection(SolutionProperties) = preSolution
		HideSolutionNode = FALSE
	EndGlobalSection
	GlobalSection(ExtensibilityGlobals) = postSolution
		SolutionGuid = {D7D6A47C-A0A7-46D0-B403-A2D5E6BC887C}
	EndGlobalSection
EndGlobal
